
Microsoft Visual Studio Solution File, Format Version 12.00
# Visual Studio Version 17
VisualStudioVersion = 17.8.34330.188
MinimumVisualStudioVersion = 10.0.40219.1
Project("{9A19103F-16F7-4668-BE54-9A1E7A4F7556}") = "CatUI", "src\CatUI\CatUI.csproj", "{716E2759-8322-400D-BC1C-25A63E8BCA27}"
EndProject
Project("{9A19103F-16F7-4668-BE54-9A1E7A4F7556}") = "CatUI.RenderingEngine", "src\CatUI.RenderingEngine\CatUI.RenderingEngine.csproj", "{194270E6-EAE5-40AF-A7CA-02DAB396534A}"
EndProject
Project("{9A19103F-16F7-4668-BE54-9A1E7A4F7556}") = "CatUI.NativeInterop", "src\CatUI.NativeInterop\CatUI.NativeInterop.csproj", "{24ECE977-ADBD-45DE-8C5D-9602CCAEA76A}"
EndProject
Project("{9A19103F-16F7-4668-BE54-9A1E7A4F7556}") = "CatUI.Windowing.Desktop", "src\Windowing\CatUI.Windowing.Desktop\CatUI.Windowing.Desktop.csproj", "{37A66CA9-A72C-42CB-B593-5E316C85F5BE}"
EndProject
Project("{9A19103F-16F7-4668-BE54-9A1E7A4F7556}") = "CatTest", "samples\CatTest\CatTest.csproj", "{71739093-0780-40A5-B69B-E13485C928E0}"
EndProject
Project("{9A19103F-16F7-4668-BE54-9A1E7A4F7556}") = "CatUI.Data", "src\CatUI.Data\CatUI.Data.csproj", "{FACD8B27-6218-4A65-B063-C7D3092BDBA9}"
EndProject
Project("{9A19103F-16F7-4668-BE54-9A1E7A4F7556}") = "CatUI.Elements", "src\CatUI.Elements\CatUI.Elements.csproj", "{38E80E16-031C-4BA5-AEB1-554568A6FF16}"
EndProject
Project("{9A19103F-16F7-4668-BE54-9A1E7A4F7556}") = "CatUI.Utils", "src\CatUI.Utils\CatUI.Utils.csproj", "{77D36AB3-7428-493A-939E-07839E0FD175}"
EndProject
Project("{2150E333-8FDC-42A3-9474-1A3956D46DE8}") = "Solution Items", "Solution Items", "{1053476C-3617-41B7-B868-0B815640BFEC}"
	ProjectSection(SolutionItems) = preProject
		.editorconfig = .editorconfig
	EndProjectSection
EndProject
Project("{2150E333-8FDC-42A3-9474-1A3956D46DE8}") = "samples", "samples", "{FAE66DA4-C96D-4A88-BDD2-CB0F802CD6A0}"
EndProject
Project("{FAE04EC0-301F-11D3-BF4B-00C04F79EFBC}") = "BoxContainersExample", "samples\BoxContainersExample\BoxContainersExample.csproj", "{ED1101FC-3881-4FFA-A1EB-7B0AA6BA2388}"
EndProject
Project("{FAE04EC0-301F-11D3-BF4B-00C04F79EFBC}") = "CatUI.Windowing.Common", "src\Windowing\CatUI.Windowing.Common\CatUI.Windowing.Common.csproj", "{8198F5E0-E84E-4ED7-AF45-CA11FBC9C8F5}"
EndProject
Project("{2150E333-8FDC-42A3-9474-1A3956D46DE8}") = "Windowing", "Windowing", "{85F159D3-64E3-49A3-BD84-75FB677A27EC}"
EndProject
Project("{2150E333-8FDC-42A3-9474-1A3956D46DE8}") = "template", "template", "{88749603-F417-47CB-BC9A-EA9715E783AC}"
EndProject
Project("{FAE04EC0-301F-11D3-BF4B-00C04F79EFBC}") = "ProjectName.Desktop", "template\ProjectName.Desktop\ProjectName.Desktop.csproj", "{43ADCAD3-89AB-4124-BF22-8CDDCCED8AFC}"
EndProject
Project("{FAE04EC0-301F-11D3-BF4B-00C04F79EFBC}") = "ProjectName.UI", "template\ProjectName.UI\ProjectName.UI.csproj", "{72FE1601-BFCE-441B-A338-62DB41420AF6}"
EndProject
Project("{FAE04EC0-301F-11D3-BF4B-00C04F79EFBC}") = "CatUISample.Desktop", "samples\CatUISample\CatUISample.Desktop\CatUISample.Desktop.csproj", "{A062A26A-B3A1-465C-8538-92D3E67420CD}"
EndProject
Project("{FAE04EC0-301F-11D3-BF4B-00C04F79EFBC}") = "CatUISample.UI", "samples\CatUISample\CatUISample.UI\CatUISample.UI.csproj", "{8C14CFCE-68FF-4E2E-9489-ECB8D40DBF6B}"
EndProject
Project("{2150E333-8FDC-42A3-9474-1A3956D46DE8}") = "CatUISample", "CatUISample", "{36CE2A23-D640-4A3B-9D9B-231F98D5FC72}"
EndProject
Project("{FAE04EC0-301F-11D3-BF4B-00C04F79EFBC}") = "CatUI.Platform.Essentials", "src\Platform\CatUI.Platform.Essentials\CatUI.Platform.Essentials.csproj", "{F2BD7976-CCAB-449C-B52C-ABB2D5896B88}"
EndProject
Project("{FAE04EC0-301F-11D3-BF4B-00C04F79EFBC}") = "CatUIUtility", "tool\CatUIUtility.csproj", "{F0D708BC-100F-4315-90CF-33C477D054A8}"
EndProject
Project("{2150E333-8FDC-42A3-9474-1A3956D46DE8}") = "tool", "tool", "{A65E99DD-0503-4A15-8024-770DB1DF8A9A}"
EndProject
Project("{2150E333-8FDC-42A3-9474-1A3956D46DE8}") = "src", "src", "{6A741393-490B-4A59-99B7-21E40CB53DBC}"
EndProject
Project("{2150E333-8FDC-42A3-9474-1A3956D46DE8}") = "Platform", "Platform", "{56BB37EB-1709-41C4-83E2-D12F4BF6F5DE}"
EndProject
Project("{FAE04EC0-301F-11D3-BF4B-00C04F79EFBC}") = "CatUI.Windowing.Android", "src\Windowing\CatUI.Windowing.Android\CatUI.Windowing.Android.csproj", "{6332CEBD-018F-4245-BD68-B596B45E961C}"
EndProject
Project("{FAE04EC0-301F-11D3-BF4B-00C04F79EFBC}") = "CatUISample.Android", "samples\CatUISample\CatUISample.Android\CatUISample.Android.csproj", "{BF9278E4-8704-41C0-88D1-4EEAB3228835}"
EndProject
Global
	GlobalSection(SolutionConfigurationPlatforms) = preSolution
		Debug|Any CPU = Debug|Any CPU
		Release|Any CPU = Release|Any CPU
	EndGlobalSection
	GlobalSection(ProjectConfigurationPlatforms) = postSolution
		{716E2759-8322-400D-BC1C-25A63E8BCA27}.Debug|Any CPU.ActiveCfg = Debug|Any CPU
		{716E2759-8322-400D-BC1C-25A63E8BCA27}.Debug|Any CPU.Build.0 = Debug|Any CPU
		{716E2759-8322-400D-BC1C-25A63E8BCA27}.Release|Any CPU.ActiveCfg = Release|Any CPU
		{716E2759-8322-400D-BC1C-25A63E8BCA27}.Release|Any CPU.Build.0 = Release|Any CPU
		{194270E6-EAE5-40AF-A7CA-02DAB396534A}.Debug|Any CPU.ActiveCfg = Debug|Any CPU
		{194270E6-EAE5-40AF-A7CA-02DAB396534A}.Debug|Any CPU.Build.0 = Debug|Any CPU
		{194270E6-EAE5-40AF-A7CA-02DAB396534A}.Release|Any CPU.ActiveCfg = Release|Any CPU
		{194270E6-EAE5-40AF-A7CA-02DAB396534A}.Release|Any CPU.Build.0 = Release|Any CPU
		{24ECE977-ADBD-45DE-8C5D-9602CCAEA76A}.Debug|Any CPU.ActiveCfg = Debug|Any CPU
		{24ECE977-ADBD-45DE-8C5D-9602CCAEA76A}.Debug|Any CPU.Build.0 = Debug|Any CPU
		{24ECE977-ADBD-45DE-8C5D-9602CCAEA76A}.Release|Any CPU.ActiveCfg = Release|Any CPU
		{24ECE977-ADBD-45DE-8C5D-9602CCAEA76A}.Release|Any CPU.Build.0 = Release|Any CPU
		{37A66CA9-A72C-42CB-B593-5E316C85F5BE}.Debug|Any CPU.ActiveCfg = Debug|Any CPU
		{37A66CA9-A72C-42CB-B593-5E316C85F5BE}.Debug|Any CPU.Build.0 = Debug|Any CPU
		{37A66CA9-A72C-42CB-B593-5E316C85F5BE}.Release|Any CPU.ActiveCfg = Release|Any CPU
		{37A66CA9-A72C-42CB-B593-5E316C85F5BE}.Release|Any CPU.Build.0 = Release|Any CPU
		{71739093-0780-40A5-B69B-E13485C928E0}.Debug|Any CPU.ActiveCfg = Debug|Any CPU
		{71739093-0780-40A5-B69B-E13485C928E0}.Debug|Any CPU.Build.0 = Debug|Any CPU
		{71739093-0780-40A5-B69B-E13485C928E0}.Release|Any CPU.ActiveCfg = Release|Any CPU
		{71739093-0780-40A5-B69B-E13485C928E0}.Release|Any CPU.Build.0 = Release|Any CPU
		{FACD8B27-6218-4A65-B063-C7D3092BDBA9}.Debug|Any CPU.ActiveCfg = Debug|Any CPU
		{FACD8B27-6218-4A65-B063-C7D3092BDBA9}.Debug|Any CPU.Build.0 = Debug|Any CPU
		{FACD8B27-6218-4A65-B063-C7D3092BDBA9}.Release|Any CPU.ActiveCfg = Release|Any CPU
		{FACD8B27-6218-4A65-B063-C7D3092BDBA9}.Release|Any CPU.Build.0 = Release|Any CPU
		{38E80E16-031C-4BA5-AEB1-554568A6FF16}.Debug|Any CPU.ActiveCfg = Debug|Any CPU
		{38E80E16-031C-4BA5-AEB1-554568A6FF16}.Debug|Any CPU.Build.0 = Debug|Any CPU
		{38E80E16-031C-4BA5-AEB1-554568A6FF16}.Release|Any CPU.ActiveCfg = Release|Any CPU
		{38E80E16-031C-4BA5-AEB1-554568A6FF16}.Release|Any CPU.Build.0 = Release|Any CPU
		{77D36AB3-7428-493A-939E-07839E0FD175}.Debug|Any CPU.ActiveCfg = Debug|Any CPU
		{77D36AB3-7428-493A-939E-07839E0FD175}.Debug|Any CPU.Build.0 = Debug|Any CPU
		{77D36AB3-7428-493A-939E-07839E0FD175}.Release|Any CPU.ActiveCfg = Release|Any CPU
		{77D36AB3-7428-493A-939E-07839E0FD175}.Release|Any CPU.Build.0 = Release|Any CPU
		{ED1101FC-3881-4FFA-A1EB-7B0AA6BA2388}.Debug|Any CPU.ActiveCfg = Debug|Any CPU
		{ED1101FC-3881-4FFA-A1EB-7B0AA6BA2388}.Debug|Any CPU.Build.0 = Debug|Any CPU
		{ED1101FC-3881-4FFA-A1EB-7B0AA6BA2388}.Release|Any CPU.ActiveCfg = Release|Any CPU
		{ED1101FC-3881-4FFA-A1EB-7B0AA6BA2388}.Release|Any CPU.Build.0 = Release|Any CPU
		{8198F5E0-E84E-4ED7-AF45-CA11FBC9C8F5}.Debug|Any CPU.ActiveCfg = Debug|Any CPU
		{8198F5E0-E84E-4ED7-AF45-CA11FBC9C8F5}.Debug|Any CPU.Build.0 = Debug|Any CPU
		{8198F5E0-E84E-4ED7-AF45-CA11FBC9C8F5}.Release|Any CPU.ActiveCfg = Release|Any CPU
		{8198F5E0-E84E-4ED7-AF45-CA11FBC9C8F5}.Release|Any CPU.Build.0 = Release|Any CPU
		{43ADCAD3-89AB-4124-BF22-8CDDCCED8AFC}.Debug|Any CPU.ActiveCfg = Debug|Any CPU
		{43ADCAD3-89AB-4124-BF22-8CDDCCED8AFC}.Debug|Any CPU.Build.0 = Debug|Any CPU
		{43ADCAD3-89AB-4124-BF22-8CDDCCED8AFC}.Release|Any CPU.ActiveCfg = Release|Any CPU
		{43ADCAD3-89AB-4124-BF22-8CDDCCED8AFC}.Release|Any CPU.Build.0 = Release|Any CPU
		{72FE1601-BFCE-441B-A338-62DB41420AF6}.Debug|Any CPU.ActiveCfg = Debug|Any CPU
		{72FE1601-BFCE-441B-A338-62DB41420AF6}.Debug|Any CPU.Build.0 = Debug|Any CPU
		{72FE1601-BFCE-441B-A338-62DB41420AF6}.Release|Any CPU.ActiveCfg = Release|Any CPU
		{72FE1601-BFCE-441B-A338-62DB41420AF6}.Release|Any CPU.Build.0 = Release|Any CPU
		{A062A26A-B3A1-465C-8538-92D3E67420CD}.Debug|Any CPU.ActiveCfg = Debug|Any CPU
		{A062A26A-B3A1-465C-8538-92D3E67420CD}.Debug|Any CPU.Build.0 = Debug|Any CPU
		{A062A26A-B3A1-465C-8538-92D3E67420CD}.Release|Any CPU.ActiveCfg = Release|Any CPU
		{A062A26A-B3A1-465C-8538-92D3E67420CD}.Release|Any CPU.Build.0 = Release|Any CPU
		{8C14CFCE-68FF-4E2E-9489-ECB8D40DBF6B}.Debug|Any CPU.ActiveCfg = Debug|Any CPU
		{8C14CFCE-68FF-4E2E-9489-ECB8D40DBF6B}.Debug|Any CPU.Build.0 = Debug|Any CPU
		{8C14CFCE-68FF-4E2E-9489-ECB8D40DBF6B}.Release|Any CPU.ActiveCfg = Release|Any CPU
		{8C14CFCE-68FF-4E2E-9489-ECB8D40DBF6B}.Release|Any CPU.Build.0 = Release|Any CPU
		{F2BD7976-CCAB-449C-B52C-ABB2D5896B88}.Debug|Any CPU.ActiveCfg = Debug|Any CPU
		{F2BD7976-CCAB-449C-B52C-ABB2D5896B88}.Debug|Any CPU.Build.0 = Debug|Any CPU
		{F2BD7976-CCAB-449C-B52C-ABB2D5896B88}.Release|Any CPU.ActiveCfg = Release|Any CPU
		{F2BD7976-CCAB-449C-B52C-ABB2D5896B88}.Release|Any CPU.Build.0 = Release|Any CPU
		{F0D708BC-100F-4315-90CF-33C477D054A8}.Debug|Any CPU.ActiveCfg = Debug|Any CPU
		{F0D708BC-100F-4315-90CF-33C477D054A8}.Debug|Any CPU.Build.0 = Debug|Any CPU
		{F0D708BC-100F-4315-90CF-33C477D054A8}.Release|Any CPU.ActiveCfg = Release|Any CPU
		{F0D708BC-100F-4315-90CF-33C477D054A8}.Release|Any CPU.Build.0 = Release|Any CPU
		{6332CEBD-018F-4245-BD68-B596B45E961C}.Debug|Any CPU.ActiveCfg = Debug|Any CPU
		{6332CEBD-018F-4245-BD68-B596B45E961C}.Debug|Any CPU.Build.0 = Debug|Any CPU
		{6332CEBD-018F-4245-BD68-B596B45E961C}.Release|Any CPU.ActiveCfg = Release|Any CPU
		{6332CEBD-018F-4245-BD68-B596B45E961C}.Release|Any CPU.Build.0 = Release|Any CPU
		{BF9278E4-8704-41C0-88D1-4EEAB3228835}.Debug|Any CPU.ActiveCfg = Debug|Any CPU
		{BF9278E4-8704-41C0-88D1-4EEAB3228835}.Debug|Any CPU.Build.0 = Debug|Any CPU
		{BF9278E4-8704-41C0-88D1-4EEAB3228835}.Release|Any CPU.ActiveCfg = Release|Any CPU
		{BF9278E4-8704-41C0-88D1-4EEAB3228835}.Release|Any CPU.Build.0 = Release|Any CPU
	EndGlobalSection
	GlobalSection(SolutionProperties) = preSolution
		HideSolutionNode = FALSE
	EndGlobalSection
	GlobalSection(ExtensibilityGlobals) = postSolution
		SolutionGuid = {3FF7D3A8-59F0-4480-B439-443A156D880B}
	EndGlobalSection
	GlobalSection(NestedProjects) = preSolution
		{ED1101FC-3881-4FFA-A1EB-7B0AA6BA2388} = {FAE66DA4-C96D-4A88-BDD2-CB0F802CD6A0}
		{71739093-0780-40A5-B69B-E13485C928E0} = {FAE66DA4-C96D-4A88-BDD2-CB0F802CD6A0}
		{8198F5E0-E84E-4ED7-AF45-CA11FBC9C8F5} = {85F159D3-64E3-49A3-BD84-75FB677A27EC}
		{37A66CA9-A72C-42CB-B593-5E316C85F5BE} = {85F159D3-64E3-49A3-BD84-75FB677A27EC}
		{43ADCAD3-89AB-4124-BF22-8CDDCCED8AFC} = {88749603-F417-47CB-BC9A-EA9715E783AC}
		{72FE1601-BFCE-441B-A338-62DB41420AF6} = {88749603-F417-47CB-BC9A-EA9715E783AC}
		{36CE2A23-D640-4A3B-9D9B-231F98D5FC72} = {FAE66DA4-C96D-4A88-BDD2-CB0F802CD6A0}
		{A062A26A-B3A1-465C-8538-92D3E67420CD} = {36CE2A23-D640-4A3B-9D9B-231F98D5FC72}
		{8C14CFCE-68FF-4E2E-9489-ECB8D40DBF6B} = {36CE2A23-D640-4A3B-9D9B-231F98D5FC72}
		{F0D708BC-100F-4315-90CF-33C477D054A8} = {A65E99DD-0503-4A15-8024-770DB1DF8A9A}
		{85F159D3-64E3-49A3-BD84-75FB677A27EC} = {6A741393-490B-4A59-99B7-21E40CB53DBC}
		{716E2759-8322-400D-BC1C-25A63E8BCA27} = {6A741393-490B-4A59-99B7-21E40CB53DBC}
		{FACD8B27-6218-4A65-B063-C7D3092BDBA9} = {6A741393-490B-4A59-99B7-21E40CB53DBC}
		{38E80E16-031C-4BA5-AEB1-554568A6FF16} = {6A741393-490B-4A59-99B7-21E40CB53DBC}
		{24ECE977-ADBD-45DE-8C5D-9602CCAEA76A} = {6A741393-490B-4A59-99B7-21E40CB53DBC}
		{194270E6-EAE5-40AF-A7CA-02DAB396534A} = {6A741393-490B-4A59-99B7-21E40CB53DBC}
		{77D36AB3-7428-493A-939E-07839E0FD175} = {6A741393-490B-4A59-99B7-21E40CB53DBC}
		{56BB37EB-1709-41C4-83E2-D12F4BF6F5DE} = {6A741393-490B-4A59-99B7-21E40CB53DBC}
		{F2BD7976-CCAB-449C-B52C-ABB2D5896B88} = {56BB37EB-1709-41C4-83E2-D12F4BF6F5DE}
		{6332CEBD-018F-4245-BD68-B596B45E961C} = {85F159D3-64E3-49A3-BD84-75FB677A27EC}
		{BF9278E4-8704-41C0-88D1-4EEAB3228835} = {36CE2A23-D640-4A3B-9D9B-231F98D5FC72}
	EndGlobalSection
EndGlobal
